
Microsoft Visual Studio Solution File, Format Version 12.00
# Visual Studio 15
VisualStudioVersion = 15.0.28010.2041
MinimumVisualStudioVersion = 10.0.40219.1
Project("{FAE04EC0-301F-11D3-BF4B-00C04F79EFBC}") = "StokTakip", "StokTakip\StokTakip.csproj", "{92180F49-2ADE-4CBB-AA68-88031042331D}"
EndProject
Project("{FAE04EC0-301F-11D3-BF4B-00C04F79EFBC}") = "StokTakip.Entities", "StokTakip.Entities\StokTakip.Entities.csproj", "{B5BB80AA-BAC8-4C12-9127-45B6B816B716}"
EndProject
Project("{FAE04EC0-301F-11D3-BF4B-00C04F79EFBC}") = "StokTakip.DataAccessLayer", "StokTakip.DataAccessLayer\StokTakip.DataAccessLayer.csproj", "{CF8B9EB8-A41C-4D47-BC5A-8E88173527B4}"
EndProject
Project("{FAE04EC0-301F-11D3-BF4B-00C04F79EFBC}") = "StokTakip.BusinessLayer", "StokTakip.BusinessLayer\StokTakip.BusinessLayer.csproj", "{E2B9D7BD-23E6-40DB-9C67-63AFEDF2BCE5}"
EndProject
Global
	GlobalSection(SolutionConfigurationPlatforms) = preSolution
		Debug|Any CPU = Debug|Any CPU
		Release|Any CPU = Release|Any CPU
	EndGlobalSection
	GlobalSection(ProjectConfigurationPlatforms) = postSolution
		{92180F49-2ADE-4CBB-AA68-88031042331D}.Debug|Any CPU.ActiveCfg = Debug|Any CPU
		{92180F49-2ADE-4CBB-AA68-88031042331D}.Debug|Any CPU.Build.0 = Debug|Any CPU
		{92180F49-2ADE-4CBB-AA68-88031042331D}.Release|Any CPU.ActiveCfg = Release|Any CPU
		{92180F49-2ADE-4CBB-AA68-88031042331D}.Release|Any CPU.Build.0 = Release|Any CPU
		{B5BB80AA-BAC8-4C12-9127-45B6B816B716}.Debug|Any CPU.ActiveCfg = Debug|Any CPU
		{B5BB80AA-BAC8-4C12-9127-45B6B816B716}.Debug|Any CPU.Build.0 = Debug|Any CPU
		{B5BB80AA-BAC8-4C12-9127-45B6B816B716}.Release|Any CPU.ActiveCfg = Release|Any CPU
		{B5BB80AA-BAC8-4C12-9127-45B6B816B716}.Release|Any CPU.Build.0 = Release|Any CPU
		{CF8B9EB8-A41C-4D47-BC5A-8E88173527B4}.Debug|Any CPU.ActiveCfg = Debug|Any CPU
		{CF8B9EB8-A41C-4D47-BC5A-8E88173527B4}.Debug|Any CPU.Build.0 = Debug|Any CPU
		{CF8B9EB8-A41C-4D47-BC5A-8E88173527B4}.Release|Any CPU.ActiveCfg = Release|Any CPU
		{CF8B9EB8-A41C-4D47-BC5A-8E88173527B4}.Release|Any CPU.Build.0 = Release|Any CPU
		{E2B9D7BD-23E6-40DB-9C67-63AFEDF2BCE5}.Debug|Any CPU.ActiveCfg = Debug|Any CPU
		{E2B9D7BD-23E6-40DB-9C67-63AFEDF2BCE5}.Debug|Any CPU.Build.0 = Debug|Any CPU
		{E2B9D7BD-23E6-40DB-9C67-63AFEDF2BCE5}.Release|Any CPU.ActiveCfg = Release|Any CPU
		{E2B9D7BD-23E6-40DB-9C67-63AFEDF2BCE5}.Release|Any CPU.Build.0 = Release|Any CPU
	EndGlobalSection
	GlobalSection(SolutionProperties) = preSolution
		HideSolutionNode = FALSE
	EndGlobalSection
	GlobalSection(ExtensibilityGlobals) = postSolution
		SolutionGuid = {2A05DDEC-D483-45FC-B75F-484578E2357B}
	EndGlobalSection
EndGlobal
